Microsoft Visual Studio Solution File, Format Version 12.00
# Visual Studio Version 17
VisualStudioVersion = 17.5.2.0
MinimumVisualStudioVersion = 10.0.40219.1
Project("{FAE04EC0-301F-11D3-BF4B-00C04F79EFBC}") = "famgraph", "famgraph.csproj", "{1BE59DD9-2CAF-3D59-4E17-A633D97FB12A}"
EndProject
Global
	GlobalSection(SolutionConfigurationPlatforms) = preSolution
		Debug|Any CPU = Debug|Any CPU
		Release|Any CPU = Release|Any CPU
	EndGlobalSection
	GlobalSection(ProjectConfigurationPlatforms) = postSolution
		{1BE59DD9-2CAF-3D59-4E17-A633D97FB12A}.Debug|Any CPU.ActiveCfg = Debug|Any CPU
		{1BE59DD9-2CAF-3D59-4E17-A633D97FB12A}.Debug|Any CPU.Build.0 = Debug|Any CPU
		{1BE59DD9-2CAF-3D59-4E17-A633D97FB12A}.Release|Any CPU.ActiveCfg = Release|Any CPU
		{1BE59DD9-2CAF-3D59-4E17-A633D97FB12A}.Release|Any CPU.Build.0 = Release|Any CPU
	EndGlobalSection
	GlobalSection(SolutionProperties) = preSolution
		HideSolutionNode = FALSE
	EndGlobalSection
	GlobalSection(ExtensibilityGlobals) = postSolution
		SolutionGuid = {543B66F0-3454-40B0-BE04-0DA875B3D2D1}
	EndGlobalSection
EndGlobal
